// !$*UTF8*$!
{
	archiveVersion = 1;
	classes = {
	};
	objectVersion = 46;
	objects = {

/* Begin PBXBuildFile section */
		3BEA7A871E5A57C40013EFFF /* AppDelegate.swift in Sources */ = {isa = PBXBuildFile; fileRef = 3BEA7A861E5A57C40013EFFF /* AppDelegate.swift */; };
		3BEA7A891E5A57C40013EFFF /* ViewController.swift in Sources */ = {isa = PBXBuildFile; fileRef = 3BEA7A881E5A57C40013EFFF /* ViewController.swift */; };
		3BEA7A8C1E5A57C40013EFFF /* Main.storyboard in Resources */ = {isa = PBXBuildFile; fileRef = 3BEA7A8A1E5A57C40013EFFF /* Main.storyboard */; };
		3BEA7A8E1E5A57C40013EFFF /* Assets.xcassets in Resources */ = {isa = PBXBuildFile; fileRef = 3BEA7A8D1E5A57C40013EFFF /* Assets.xcassets */; };
		3BEA7A911E5A57C40013EFFF /* LaunchScreen.storyboard in Resources */ = {isa = PBXBuildFile; fileRef = 3BEA7A8F1E5A57C40013EFFF /* LaunchScreen.storyboard */; };
/* End PBXBuildFile section */

/* Begin PBXFileReference section */
		3BEA7A831E5A57C40013EFFF /* My Pokedex.app */ = {isa = PBXFileReference; explicitFileType = wrapper.application; includeInIndex = 0; path = "My Pokedex.app"; sourceTree = BUILT_PRODUCTS_DIR; };
		3BEA7A861E5A57C40013EFFF /* AppDelegate.swift */ = {isa = PBXFileReference; lastKnownFileType = sourcecode.swift; path = AppDelegate.swift; sourceTree = "<group>"; };
		3BEA7A881E5A57C40013EFFF /* ViewController.swift */ = {isa = PBXFileReference; lastKnownFileType = sourcecode.swift; path = ViewController.swift; sourceTree = "<group>"; };
		3BEA7A8B1E5A57C40013EFFF /* Base */ = {isa = PBXFileReference; lastKnownFileType = file.storyboard; name = Base; path = Base.lproj/Main.storyboard; sourceTree = "<group>"; };
		3BEA7A8D1E5A57C40013EFFF /* Assets.xcassets */ = {isa = PBXFileReference; lastKnownFileType = folder.assetcatalog; path = Assets.xcassets; sourceTree = "<group>"; };
		3BEA7A901E5A57C40013EFFF /* Base */ = {isa = PBXFileReference; lastKnownFileType = file.storyboard; name = Base; path = Base.lproj/LaunchScreen.storyboard; sourceTree = "<group>"; };
		3BEA7A921E5A57C40013EFFF /* Info.plist */ = {isa = PBXFileReference; lastKnownFileType = text.plist.xml; path = Info.plist; sourceTree = "<group>"; };
/* End PBXFileReference section */

/* Begin PBXFrameworksBuildPhase section */
		3BEA7A801E5A57C40013EFFF /* Frameworks */ = {
			isa = PBXFrameworksBuildPhase;
			buildActionMask = 2147483647;
			files = (
			);
			runOnlyForDeploymentPostprocessing = 0;
		};
/* End PBXFrameworksBuildPhase section */

/* Begin PBXGroup section */
		3BEA7A7A1E5A57C40013EFFF = {
			isa = PBXGroup;
			children = (
				3BEA7A851E5A57C40013EFFF /* My Pokedex */,
				3BEA7A841E5A57C40013EFFF /* Products */,
			);
			sourceTree = "<group>";
		};
		3BEA7A841E5A57C40013EFFF /* Products */ = {
			isa = PBXGroup;
			children = (
				3BEA7A831E5A57C40013EFFF /* My Pokedex.app */,
			);
			name = Products;
			sourceTree = "<group>";
		};
		3BEA7A851E5A57C40013EFFF /* My Pokedex */ = {
			isa = PBXGroup;
			children = (
				3BEA7A861E5A57C40013EFFF /* AppDelegate.swift */,
				3BEA7A881E5A57C40013EFFF /* ViewController.swift */,
				3BEA7A8A1E5A57C40013EFFF /* Main.storyboard */,
				3BEA7A8D1E5A57C40013EFFF /* Assets.xcassets */,
				3BEA7A8F1E5A57C40013EFFF /* LaunchScreen.storyboard */,
				3BEA7A921E5A57C40013EFFF /* Info.plist */,
			);
			path = "My Pokedex";
			sourceTree = "<group>";
		};
/* End PBXGroup section */

/* Begin PBXNativeTarget section */
		3BEA7A821E5A57C40013EFFF /* My Pokedex */ = {
			isa = PBXNativeTarget;
			buildConfigurationList = 3BEA7A951E5A57C40013EFFF /* Build configuration list for PBXNativeTarget "My Pokedex" */;
			buildPhases = (
				3BEA7A7F1E5A57C40013EFFF /* Sources */,
				3BEA7A801E5A57C40013EFFF /* Frameworks */,
				3BEA7A811E5A57C40013EFFF /* Resources */,
			);
			buildRules = (
			);
			dependencies = (
			);
			name = "My Pokedex";
			productName = "My Pokedex";
			productReference = 3BEA7A831E5A57C40013EFFF /* My Pokedex.app */;
			productType = "com.apple.product-type.application";
		};
/* End PBXNativeTarget section */

/* Begin PBXProject section */
		3BEA7A7B1E5A57C40013EFFF /* Project object */ = {
			isa = PBXProject;
			attributes = {
				LastSwiftUpdateCheck = 0820;
				LastUpgradeCheck = 0820;
				ORGANIZATIONNAME = "William Rodman";
				TargetAttributes = {
					3BEA7A821E5A57C40013EFFF = {
						CreatedOnToolsVersion = 8.2.1;
						ProvisioningStyle = Automatic;
					};
				};
			};
			buildConfigurationList = 3BEA7A7E1E5A57C40013EFFF /* Build configuration list for PBXProject "My Pokedex" */;
			compatibilityVersion = "Xcode 3.2";
			developmentRegion = English;
			hasScannedForEncodings = 0;
			knownRegions = (
				en,
				Base,
			);
			mainGroup = 3BEA7A7A1E5A57C40013EFFF;
			productRefGroup = 3BEA7A841E5A57C40013EFFF /* Products */;
			projectDirPath = "";
			projectRoot = "";
			targets = (
				3BEA7A821E5A57C40013EFFF /* My Pokedex */,
			);
		};
/* End PBXProject section */

/* Begin PBXResourcesBuildPhase section */
		3BEA7A811E5A57C40013EFFF /* Resources */ = {
			isa = PBXResourcesBuildPhase;
			buildActionMask = 2147483647;
			files = (
				3BEA7A911E5A57C40013EFFF /* LaunchScreen.storyboard in Resources */,
				3BEA7A8E1E5A57C40013EFFF /* Assets.xcassets in Resources */,
				3BEA7A8C1E5A57C40013EFFF /* Main.storyboard in Resources */,
			);
			runOnlyForDeploymentPostprocessing = 0;
		};
/* End PBXResourcesBuildPhase section */

/* Begin PBXSourcesBuildPhase section */
		3BEA7A7F1E5A57C40013EFFF /* Sources */ = {
			isa = PBXSourcesBuildPhase;
			buildActionMask = 2147483647;
			files = (
				3BEA7A891E5A57C40013EFFF /* ViewController.swift in Sources */,
				3BEA7A871E5A57C40013EFFF /* AppDelegate.swift in Sources */,
			);
			runOnlyForDeploymentPostprocessing = 0;
		};
/* End PBXSourcesBuildPhase section */

/* Begin PBXVariantGroup section */
		3BEA7A8A1E5A57C40013EFFF /* Main.storyboard */ = {
			isa = PBXVariantGroup;
			children = (
				3BEA7A8B1E5A57C40013EFFF /* Base */,
			);
			name = Main.storyboard;
			sourceTree = "<group>";
		};
		3BEA7A8F1E5A57C40013EFFF /* LaunchScreen.storyboard */ = {
			isa = PBXVariantGroup;
			children = (
				3BEA7A901E5A57C40013EFFF /* Base */,
			);
			name = LaunchScreen.storyboard;
			sourceTree = "<group>";
		};
/* End PBXVariantGroup section */

/* Begin XCBuildConfiguration section */
		3BEA7A931E5A57C40013EFFF /* Debug */ = {
			isa = XCBuildConfiguration;
			buildSettings = {
				ALWAYS_SEARCH_USER_PATHS = NO;
				CLANG_ANALYZER_NONNULL = YES;
				CLANG_CXX_LANGUAGE_STANDARD = "gnu++0x";
				CLANG_CXX_LIBRARY = "libc++";
				CLANG_ENABLE_MODULES = YES;
				CLANG_ENABLE_OBJC_ARC = YES;
				CLANG_WARN_BOOL_CONVERSION = YES;
				CLANG_WARN_CONSTANT_CONVERSION = YES;
				CLANG_WARN_DIRECT_OBJC_ISA_USAGE = YES_ERROR;
				CLANG_WARN_DOCUMENTATION_COMMENTS = YES;
				CLANG_WARN_EMPTY_BODY = YES;
				CLANG_WARN_ENUM_CONVERSION = YES;
				CLANG_WARN_INFINITE_RECURSION = YES;
				CLANG_WARN_INT_CONVERSION = YES;
				CLANG_WARN_OBJC_ROOT_CLASS = YES_ERROR;
				CLANG_WARN_SUSPICIOUS_MOVE = YES;
				CLANG_WARN_UNREACHABLE_CODE = YES;
				CLANG_WARN__DUPLICATE_METHOD_MATCH = YES;
				"CODE_SIGN_IDENTITY[sdk=iphoneos*]" = "iPhone Developer";
				COPY_PHASE_STRIP = NO;
				DEBUG_INFORMATION_FORMAT = dwarf;
				ENABLE_STRICT_OBJC_MSGSEND = YES;
				ENABLE_TESTABILITY = YES;
				GCC_C_LANGUAGE_STANDARD = gnu99;
				GCC_DYNAMIC_NO_PIC = NO;
				GCC_NO_COMMON_BLOCKS = YES;
				GCC_OPTIMIZATION_LEVEL = 0;
				GCC_PREPROCESSOR_DEFINITIONS = (
					"DEBUG=1",
					"$(inherited)",
				);
				GCC_WARN_64_TO_32_BIT_CONVERSION = YES;
				GCC_WARN_ABOUT_RETURN_TYPE = YES_ERROR;
				GCC_WARN_UNDECLARED_SELECTOR = YES;
				GCC_WARN_UNINITIALIZED_AUTOS = YES_AGGRESSIVE;
				GCC_WARN_UNUSED_FUNCTION = YES;
				GCC_WARN_UNUSED_VARIABLE = YES;
				IPHONEOS_DEPLOYMENT_TARGET = 10.2;
				MTL_ENABLE_DEBUG_INFO = YES;
				ONLY_ACTIVE_ARCH = YES;
				SDKROOT = iphoneos;
				SWIFT_ACTIVE_COMPILATION_CONDITIONS = DEBUG;
				SWIFT_OPTIMIZATION_LEVEL = "-Onone";
			};
			name = Debug;
		};
		3BEA7A941E5A57C40013EFFF /* Release */ = {
			isa = XCBuildConfiguration;
			buildSettings = {
				ALWAYS_SEARCH_USER_PATHS = NO;
				CLANG_ANALYZER_NONNULL = YES;
				CLANG_CXX_LANGUAGE_STANDARD = "gnu++0x";
				CLANG_CXX_LIBRARY = "libc++";
				CLANG_ENABLE_MODULES = YES;
				CLANG_ENABLE_OBJC_ARC = YES;
				CLANG_WARN_BOOL_CONVERSION = YES;
				CLANG_WARN_CONSTANT_CONVERSION = YES;
				CLANG_WARN_DIRECT_OBJC_ISA_USAGE = YES_ERROR;
				CLANG_WARN_DOCUMENTATION_COMMENTS = YES;
				CLANG_WARN_EMPTY_BODY = YES;
				CLANG_WARN_ENUM_CONVERSION = YES;
				CLANG_WARN_INFINITE_RECURSION = YES;
				CLANG_WARN_INT_CONVERSION = YES;
				CLANG_WARN_OBJC_ROOT_CLASS = YES_ERROR;
				CLANG_WARN_SUSPICIOUS_MOVE = YES;
				CLANG_WARN_UNREACHABLE_CODE = YES;
				CLANG_WARN__DUPLICATE_METHOD_MATCH = YES;
				"CODE_SIGN_IDENTITY[sdk=iphoneos*]" = "iPhone Developer";
				COPY_PHASE_STRIP = NO;
				DEBUG_INFORMATION_FORMAT = "dwarf-with-dsym";
				ENABLE_NS_ASSERTIONS = NO;
				ENABLE_STRICT_OBJC_MSGSEND = YES;
				GCC_C_LANGUAGE_STANDARD = gnu99;
				GCC_NO_COMMON_BLOCKS = YES;
				GCC_WARN_64_TO_32_BIT_CONVERSION = YES;
				GCC_WARN_ABOUT_RETURN_TYPE = YES_ERROR;
				GCC_WARN_UNDECLARED_SELECTOR = YES;
				GCC_WARN_UNINITIALIZED_AUTOS = YES_AGGRESSIVE;
				GCC_WARN_UNUSED_FUNCTION = YES;
				GCC_WARN_UNUSED_VARIABLE = YES;
				IPHONEOS_DEPLOYMENT_TARGET = 10.2;
				MTL_ENABLE_DEBUG_INFO = NO;
				SDKROOT = iphoneos;
				SWIFT_OPTIMIZATION_LEVEL = "-Owholemodule";
				VALIDATE_PRODUCT = YES;
			};
			name = Release;
		};
		3BEA7A961E5A57C40013EFFF /* Debug */ = {
			isa = XCBuildConfiguration;
			buildSettings = {
				ASSETCATALOG_COMPILER_APPICON_NAME = AppIcon;
				INFOPLIST_FILE = "My Pokedex/Info.plist";
				LD_RUNPATH_SEARCH_PATHS = "$(inherited) @executable_path/Frameworks";
				PRODUCT_BUNDLE_IDENTIFIER = "com.WilliamRodman.My-Pokedex";
				PRODUCT_NAME = "$(TARGET_NAME)";
				SWIFT_VERSION = 3.0;
			};
			name = Debug;
		};
		3BEA7A971E5A57C40013EFFF /* Release */ = {
			isa = XCBuildConfiguration;
			buildSettings = {
				ASSETCATALOG_COMPILER_APPICON_NAME = AppIcon;
				INFOPLIST_FILE = "My Pokedex/Info.plist";
				LD_RUNPATH_SEARCH_PATHS = "$(inherited) @executable_path/Frameworks";
				PRODUCT_BUNDLE_IDENTIFIER = "com.WilliamRodman.My-Pokedex";
				PRODUCT_NAME = "$(TARGET_NAME)";
				SWIFT_VERSION = 3.0;
			};
			name = Release;
		};
/* End XCBuildConfiguration section */

/* Begin XCConfigurationList section */
		3BEA7A7E1E5A57C40013EFFF /* Build configuration list for PBXProject "My Pokedex" */ = {
			isa = XCConfigurationList;
			buildConfigurations = (
				3BEA7A931E5A57C40013EFFF /* Debug */,
				3BEA7A941E5A57C40013EFFF /* Release */,
			);
			defaultConfigurationIsVisible = 0;
			defaultConfigurationName = Release;
		};
		3BEA7A951E5A57C40013EFFF /* Build configuration list for PBXNativeTarget "My Pokedex" */ = {
			isa = XCConfigurationList;
			buildConfigurations = (
				3BEA7A961E5A57C40013EFFF /* Debug */,
				3BEA7A971E5A57C40013EFFF /* Release */,
			);
			defaultConfigurationIsVisible = 0;
		};
/* End XCConfigurationList section */
	};
	rootObject = 3BEA7A7B1E5A57C40013EFFF /* Project object */;
}
